
Microsoft Visual Studio Solution File, Format Version 12.00
# Visual Studio Version 16
VisualStudioVersion = 16.0.31205.134
MinimumVisualStudioVersion = 10.0.40219.1
Project("{FAE04EC0-301F-11D3-BF4B-00C04F79EFBC}") = "Chap04_01", "Chap04_01\Chap04_01.csproj", "{5E9A83CF-975F-4501-A56B-AE86BBDF127C}"
EndProject
Global
	GlobalSection(SolutionConfigurationPlatforms) = preSolution
		Debug|Any CPU = Debug|Any CPU
		Release|Any CPU = Release|Any CPU
	EndGlobalSection
	GlobalSection(ProjectConfigurationPlatforms) = postSolution
		{5E9A83CF-975F-4501-A56B-AE86BBDF127C}.Debug|Any CPU.ActiveCfg = Debug|Any CPU
		{5E9A83CF-975F-4501-A56B-AE86BBDF127C}.Debug|Any CPU.Build.0 = Debug|Any CPU
		{5E9A83CF-975F-4501-A56B-AE86BBDF127C}.Release|Any CPU.ActiveCfg = Release|Any CPU
		{5E9A83CF-975F-4501-A56B-AE86BBDF127C}.Release|Any CPU.Build.0 = Release|Any CPU
	EndGlobalSection
	GlobalSection(SolutionProperties) = preSolution
		HideSolutionNode = FALSE
	EndGlobalSection
	GlobalSection(ExtensibilityGlobals) = postSolution
		SolutionGuid = {1AB8E155-DD0E-4F41-A6E0-17739D6FB519}
	EndGlobalSection
EndGlobal
