
Microsoft Visual Studio Solution File, Format Version 12.00
# Visual Studio Version 16
VisualStudioVersion = 16.0.31205.134
MinimumVisualStudioVersion = 10.0.40219.1
Project("{FAE04EC0-301F-11D3-BF4B-00C04F79EFBC}") = "HelloCsharpWorld", "HelloCsharpWorld\HelloCsharpWorld.csproj", "{AE1659D0-3C9B-4405-BF11-FD0413B06E4E}"
EndProject
Global
	GlobalSection(SolutionConfigurationPlatforms) = preSolution
		Debug|Any CPU = Debug|Any CPU
		Release|Any CPU = Release|Any CPU
	EndGlobalSection
	GlobalSection(ProjectConfigurationPlatforms) = postSolution
		{AE1659D0-3C9B-4405-BF11-FD0413B06E4E}.Debug|Any CPU.ActiveCfg = Debug|Any CPU
		{AE1659D0-3C9B-4405-BF11-FD0413B06E4E}.Debug|Any CPU.Build.0 = Debug|Any CPU
		{AE1659D0-3C9B-4405-BF11-FD0413B06E4E}.Release|Any CPU.ActiveCfg = Release|Any CPU
		{AE1659D0-3C9B-4405-BF11-FD0413B06E4E}.Release|Any CPU.Build.0 = Release|Any CPU
	EndGlobalSection
	GlobalSection(SolutionProperties) = preSolution
		HideSolutionNode = FALSE
	EndGlobalSection
	GlobalSection(ExtensibilityGlobals) = postSolution
		SolutionGuid = {0E15F70A-45FF-4267-AAD9-EE715BFB80A1}
	EndGlobalSection
EndGlobal
