
Microsoft Visual Studio Solution File, Format Version 12.00
# Visual Studio Version 16
VisualStudioVersion = 16.0.31205.134
MinimumVisualStudioVersion = 10.0.40219.1
Project("{FAE04EC0-301F-11D3-BF4B-00C04F79EFBC}") = "Chap05_02", "Chap05_02\Chap05_02.csproj", "{94E2415D-8E75-47BB-9F22-F0FBB112B3CA}"
EndProject
Global
	GlobalSection(SolutionConfigurationPlatforms) = preSolution
		Debug|Any CPU = Debug|Any CPU
		Release|Any CPU = Release|Any CPU
	EndGlobalSection
	GlobalSection(ProjectConfigurationPlatforms) = postSolution
		{94E2415D-8E75-47BB-9F22-F0FBB112B3CA}.Debug|Any CPU.ActiveCfg = Debug|Any CPU
		{94E2415D-8E75-47BB-9F22-F0FBB112B3CA}.Debug|Any CPU.Build.0 = Debug|Any CPU
		{94E2415D-8E75-47BB-9F22-F0FBB112B3CA}.Release|Any CPU.ActiveCfg = Release|Any CPU
		{94E2415D-8E75-47BB-9F22-F0FBB112B3CA}.Release|Any CPU.Build.0 = Release|Any CPU
	EndGlobalSection
	GlobalSection(SolutionProperties) = preSolution
		HideSolutionNode = FALSE
	EndGlobalSection
	GlobalSection(ExtensibilityGlobals) = postSolution
		SolutionGuid = {079FF8A5-AD60-4686-A625-138AED11141D}
	EndGlobalSection
EndGlobal
